
Microsoft Visual Studio Solution File, Format Version 12.00
# Visual Studio Version 17
VisualStudioVersion = 17.6.33417.168
MinimumVisualStudioVersion = 10.0.40219.1
Project("{9A19103F-16F7-4668-BE54-9A1E7A4F7556}") = "QLVay", "QLVay.csproj", "{A945A215-118F-4589-A5AE-27910D07A7D3}"
EndProject
Project("{2150E333-8FDC-42A3-9474-1A3956D46DE8}") = "class", "class", "{6D5C2EB4-D87C-42CB-A5B9-C55670C436E8}"
EndProject
Global
	GlobalSection(SolutionConfigurationPlatforms) = preSolution
		Debug|Any CPU = Debug|Any CPU
		Release|Any CPU = Release|Any CPU
	EndGlobalSection
	GlobalSection(ProjectConfigurationPlatforms) = postSolution
		{A945A215-118F-4589-A5AE-27910D07A7D3}.Debug|Any CPU.ActiveCfg = Debug|Any CPU
		{A945A215-118F-4589-A5AE-27910D07A7D3}.Debug|Any CPU.Build.0 = Debug|Any CPU
		{A945A215-118F-4589-A5AE-27910D07A7D3}.Release|Any CPU.ActiveCfg = Release|Any CPU
		{A945A215-118F-4589-A5AE-27910D07A7D3}.Release|Any CPU.Build.0 = Release|Any CPU
	EndGlobalSection
	GlobalSection(SolutionProperties) = preSolution
		HideSolutionNode = FALSE
	EndGlobalSection
	GlobalSection(ExtensibilityGlobals) = postSolution
		SolutionGuid = {403CFE7C-76DB-4FB3-82C1-7A34881A1424}
	EndGlobalSection
EndGlobal
